// !$*UTF8*$!
{
	archiveVersion = 1;
	classes = {
	};
	objectVersion = 50;
	objects = {

/* Begin PBXBuildFile section */
		12295F4A26F838DF00380E69 /* AppDelegate.swift in Sources */ = {isa = PBXBuildFile; fileRef = 12295F4926F838DF00380E69 /* AppDelegate.swift */; };
		12295F4C26F838DF00380E69 /* SceneDelegate.swift in Sources */ = {isa = PBXBuildFile; fileRef = 12295F4B26F838DF00380E69 /* SceneDelegate.swift */; };
		12295F4E26F838DF00380E69 /* ViewController.swift in Sources */ = {isa = PBXBuildFile; fileRef = 12295F4D26F838DF00380E69 /* ViewController.swift */; };
		12295F5126F838DF00380E69 /* Main.storyboard in Resources */ = {isa = PBXBuildFile; fileRef = 12295F4F26F838DF00380E69 /* Main.storyboard */; };
		12295F5426F838DF00380E69 /* CurrencyExchange.xcdatamodeld in Sources */ = {isa = PBXBuildFile; fileRef = 12295F5226F838DF00380E69 /* CurrencyExchange.xcdatamodeld */; };
		12295F5626F838E000380E69 /* Assets.xcassets in Resources */ = {isa = PBXBuildFile; fileRef = 12295F5526F838E000380E69 /* Assets.xcassets */; };
		12295F5926F838E000380E69 /* LaunchScreen.storyboard in Resources */ = {isa = PBXBuildFile; fileRef = 12295F5726F838E000380E69 /* LaunchScreen.storyboard */; };
		12295F6126F8390E00380E69 /* DataModel.swift in Sources */ = {isa = PBXBuildFile; fileRef = 12295F6026F8390E00380E69 /* DataModel.swift */; };
		12295F6526F83A6200380E69 /* ErrorMessage.swift in Sources */ = {isa = PBXBuildFile; fileRef = 12295F6426F83A6200380E69 /* ErrorMessage.swift */; };
		12295F6826F9137E00380E69 /* NetworkService.swift in Sources */ = {isa = PBXBuildFile; fileRef = 12295F6726F9137E00380E69 /* NetworkService.swift */; };
		12295F6A26F9191800380E69 /* CurrencyExchangeManager.swift in Sources */ = {isa = PBXBuildFile; fileRef = 12295F6926F9191800380E69 /* CurrencyExchangeManager.swift */; };
		12295F6C26F91BA300380E69 /* enum-HTTPMethod.swift in Sources */ = {isa = PBXBuildFile; fileRef = 12295F6B26F91BA300380E69 /* enum-HTTPMethod.swift */; };
		12295F6E26F9530B00380E69 /* Enum.swift in Sources */ = {isa = PBXBuildFile; fileRef = 12295F6D26F9530B00380E69 /* Enum.swift */; };
/* End PBXBuildFile section */

/* Begin PBXFileReference section */
		12295F4626F838DF00380E69 /* CurrencyExchange.app */ = {isa = PBXFileReference; explicitFileType = wrapper.application; includeInIndex = 0; path = CurrencyExchange.app; sourceTree = BUILT_PRODUCTS_DIR; };
		12295F4926F838DF00380E69 /* AppDelegate.swift */ = {isa = PBXFileReference; lastKnownFileType = sourcecode.swift; path = AppDelegate.swift; sourceTree = "<group>"; };
		12295F4B26F838DF00380E69 /* SceneDelegate.swift */ = {isa = PBXFileReference; lastKnownFileType = sourcecode.swift; path = SceneDelegate.swift; sourceTree = "<group>"; };
		12295F4D26F838DF00380E69 /* ViewController.swift */ = {isa = PBXFileReference; lastKnownFileType = sourcecode.swift; path = ViewController.swift; sourceTree = "<group>"; };
		12295F5026F838DF00380E69 /* Base */ = {isa = PBXFileReference; lastKnownFileType = file.storyboard; name = Base; path = Base.lproj/Main.storyboard; sourceTree = "<group>"; };
		12295F5326F838DF00380E69 /* CurrencyExchange.xcdatamodel */ = {isa = PBXFileReference; lastKnownFileType = wrapper.xcdatamodel; path = CurrencyExchange.xcdatamodel; sourceTree = "<group>"; };
		12295F5526F838E000380E69 /* Assets.xcassets */ = {isa = PBXFileReference; lastKnownFileType = folder.assetcatalog; path = Assets.xcassets; sourceTree = "<group>"; };
		12295F5826F838E000380E69 /* Base */ = {isa = PBXFileReference; lastKnownFileType = file.storyboard; name = Base; path = Base.lproj/LaunchScreen.storyboard; sourceTree = "<group>"; };
		12295F5A26F838E000380E69 /* Info.plist */ = {isa = PBXFileReference; lastKnownFileType = text.plist.xml; path = Info.plist; sourceTree = "<group>"; };
		12295F6026F8390E00380E69 /* DataModel.swift */ = {isa = PBXFileReference; lastKnownFileType = sourcecode.swift; path = DataModel.swift; sourceTree = "<group>"; };
		12295F6426F83A6200380E69 /* ErrorMessage.swift */ = {isa = PBXFileReference; lastKnownFileType = sourcecode.swift; path = ErrorMessage.swift; sourceTree = "<group>"; };
		12295F6726F9137E00380E69 /* NetworkService.swift */ = {isa = PBXFileReference; lastKnownFileType = sourcecode.swift; path = NetworkService.swift; sourceTree = "<group>"; };
		12295F6926F9191800380E69 /* CurrencyExchangeManager.swift */ = {isa = PBXFileReference; lastKnownFileType = sourcecode.swift; path = CurrencyExchangeManager.swift; sourceTree = "<group>"; };
		12295F6B26F91BA300380E69 /* enum-HTTPMethod.swift */ = {isa = PBXFileReference; lastKnownFileType = sourcecode.swift; path = "enum-HTTPMethod.swift"; sourceTree = "<group>"; };
		12295F6D26F9530B00380E69 /* Enum.swift */ = {isa = PBXFileReference; lastKnownFileType = sourcecode.swift; path = Enum.swift; sourceTree = "<group>"; };
/* End PBXFileReference section */

/* Begin PBXFrameworksBuildPhase section */
		12295F4326F838DF00380E69 /* Frameworks */ = {
			isa = PBXFrameworksBuildPhase;
			buildActionMask = 2147483647;
			files = (
			);
			runOnlyForDeploymentPostprocessing = 0;
		};
/* End PBXFrameworksBuildPhase section */

/* Begin PBXGroup section */
		12295F3D26F838DF00380E69 = {
			isa = PBXGroup;
			children = (
				12295F6626F912F700380E69 /* NetworkService */,
				12295F6326F83A3500380E69 /* Utilities */,
				12295F6226F8399100380E69 /* Model */,
				12295F4826F838DF00380E69 /* CurrencyExchange */,
				12295F4726F838DF00380E69 /* Products */,
			);
			sourceTree = "<group>";
		};
		12295F4726F838DF00380E69 /* Products */ = {
			isa = PBXGroup;
			children = (
				12295F4626F838DF00380E69 /* CurrencyExchange.app */,
			);
			name = Products;
			sourceTree = "<group>";
		};
		12295F4826F838DF00380E69 /* CurrencyExchange */ = {
			isa = PBXGroup;
			children = (
				12295F4926F838DF00380E69 /* AppDelegate.swift */,
				12295F4B26F838DF00380E69 /* SceneDelegate.swift */,
				12295F4D26F838DF00380E69 /* ViewController.swift */,
				12295F4F26F838DF00380E69 /* Main.storyboard */,
				12295F5526F838E000380E69 /* Assets.xcassets */,
				12295F5726F838E000380E69 /* LaunchScreen.storyboard */,
				12295F5A26F838E000380E69 /* Info.plist */,
				12295F5226F838DF00380E69 /* CurrencyExchange.xcdatamodeld */,
			);
			path = CurrencyExchange;
			sourceTree = "<group>";
		};
		12295F6226F8399100380E69 /* Model */ = {
			isa = PBXGroup;
			children = (
				12295F6026F8390E00380E69 /* DataModel.swift */,
			);
			path = Model;
			sourceTree = "<group>";
		};
		12295F6326F83A3500380E69 /* Utilities */ = {
			isa = PBXGroup;
			children = (
				12295F6426F83A6200380E69 /* ErrorMessage.swift */,
				12295F6B26F91BA300380E69 /* enum-HTTPMethod.swift */,
				12295F6D26F9530B00380E69 /* Enum.swift */,
			);
			path = Utilities;
			sourceTree = "<group>";
		};
		12295F6626F912F700380E69 /* NetworkService */ = {
			isa = PBXGroup;
			children = (
				12295F6726F9137E00380E69 /* NetworkService.swift */,
				12295F6926F9191800380E69 /* CurrencyExchangeManager.swift */,
			);
			path = NetworkService;
			sourceTree = "<group>";
		};
/* End PBXGroup section */

/* Begin PBXNativeTarget section */
		12295F4526F838DF00380E69 /* CurrencyExchange */ = {
			isa = PBXNativeTarget;
			buildConfigurationList = 12295F5D26F838E000380E69 /* Build configuration list for PBXNativeTarget "CurrencyExchange" */;
			buildPhases = (
				12295F4226F838DF00380E69 /* Sources */,
				12295F4326F838DF00380E69 /* Frameworks */,
				12295F4426F838DF00380E69 /* Resources */,
			);
			buildRules = (
			);
			dependencies = (
			);
			name = CurrencyExchange;
			productName = CurrencyExchange;
			productReference = 12295F4626F838DF00380E69 /* CurrencyExchange.app */;
			productType = "com.apple.product-type.application";
		};
/* End PBXNativeTarget section */

/* Begin PBXProject section */
		12295F3E26F838DF00380E69 /* Project object */ = {
			isa = PBXProject;
			attributes = {
				LastSwiftUpdateCheck = 1250;
				LastUpgradeCheck = 1250;
				TargetAttributes = {
					12295F4526F838DF00380E69 = {
						CreatedOnToolsVersion = 12.5.1;
					};
				};
			};
			buildConfigurationList = 12295F4126F838DF00380E69 /* Build configuration list for PBXProject "CurrencyExchange" */;
			compatibilityVersion = "Xcode 9.3";
			developmentRegion = en;
			hasScannedForEncodings = 0;
			knownRegions = (
				en,
				Base,
			);
			mainGroup = 12295F3D26F838DF00380E69;
			productRefGroup = 12295F4726F838DF00380E69 /* Products */;
			projectDirPath = "";
			projectRoot = "";
			targets = (
				12295F4526F838DF00380E69 /* CurrencyExchange */,
			);
		};
/* End PBXProject section */

/* Begin PBXResourcesBuildPhase section */
		12295F4426F838DF00380E69 /* Resources */ = {
			isa = PBXResourcesBuildPhase;
			buildActionMask = 2147483647;
			files = (
				12295F5926F838E000380E69 /* LaunchScreen.storyboard in Resources */,
				12295F5626F838E000380E69 /* Assets.xcassets in Resources */,
				12295F5126F838DF00380E69 /* Main.storyboard in Resources */,
			);
			runOnlyForDeploymentPostprocessing = 0;
		};
/* End PBXResourcesBuildPhase section */

/* Begin PBXSourcesBuildPhase section */
		12295F4226F838DF00380E69 /* Sources */ = {
			isa = PBXSourcesBuildPhase;
			buildActionMask = 2147483647;
			files = (
				12295F6126F8390E00380E69 /* DataModel.swift in Sources */,
				12295F6A26F9191800380E69 /* CurrencyExchangeManager.swift in Sources */,
				12295F6526F83A6200380E69 /* ErrorMessage.swift in Sources */,
				12295F4E26F838DF00380E69 /* ViewController.swift in Sources */,
				12295F4A26F838DF00380E69 /* AppDelegate.swift in Sources */,
				12295F4C26F838DF00380E69 /* SceneDelegate.swift in Sources */,
				12295F5426F838DF00380E69 /* CurrencyExchange.xcdatamodeld in Sources */,
				12295F6C26F91BA300380E69 /* enum-HTTPMethod.swift in Sources */,
				12295F6E26F9530B00380E69 /* Enum.swift in Sources */,
				12295F6826F9137E00380E69 /* NetworkService.swift in Sources */,
			);
			runOnlyForDeploymentPostprocessing = 0;
		};
/* End PBXSourcesBuildPhase section */

/* Begin PBXVariantGroup section */
		12295F4F26F838DF00380E69 /* Main.storyboard */ = {
			isa = PBXVariantGroup;
			children = (
				12295F5026F838DF00380E69 /* Base */,
			);
			name = Main.storyboard;
			sourceTree = "<group>";
		};
		12295F5726F838E000380E69 /* LaunchScreen.storyboard */ = {
			isa = PBXVariantGroup;
			children = (
				12295F5826F838E000380E69 /* Base */,
			);
			name = LaunchScreen.storyboard;
			sourceTree = "<group>";
		};
/* End PBXVariantGroup section */

/* Begin XCBuildConfiguration section */
		12295F5B26F838E000380E69 /* Debug */ = {
			isa = XCBuildConfiguration;
			buildSettings = {
				ALWAYS_SEARCH_USER_PATHS = NO;
				CLANG_ANALYZER_NONNULL = YES;
				CLANG_ANALYZER_NUMBER_OBJECT_CONVERSION = YES_AGGRESSIVE;
				CLANG_CXX_LANGUAGE_STANDARD = "gnu++14";
				CLANG_CXX_LIBRARY = "libc++";
				CLANG_ENABLE_MODULES = YES;
				CLANG_ENABLE_OBJC_ARC = YES;
				CLANG_ENABLE_OBJC_WEAK = YES;
				CLANG_WARN_BLOCK_CAPTURE_AUTORELEASING = YES;
				CLANG_WARN_BOOL_CONVERSION = YES;
				CLANG_WARN_COMMA = YES;
				CLANG_WARN_CONSTANT_CONVERSION = YES;
				CLANG_WARN_DEPRECATED_OBJC_IMPLEMENTATIONS = YES;
				CLANG_WARN_DIRECT_OBJC_ISA_USAGE = YES_ERROR;
				CLANG_WARN_DOCUMENTATION_COMMENTS = YES;
				CLANG_WARN_EMPTY_BODY = YES;
				CLANG_WARN_ENUM_CONVERSION = YES;
				CLANG_WARN_INFINITE_RECURSION = YES;
				CLANG_WARN_INT_CONVERSION = YES;
				CLANG_WARN_NON_LITERAL_NULL_CONVERSION = YES;
				CLANG_WARN_OBJC_IMPLICIT_RETAIN_SELF = YES;
				CLANG_WARN_OBJC_LITERAL_CONVERSION = YES;
				CLANG_WARN_OBJC_ROOT_CLASS = YES_ERROR;
				CLANG_WARN_QUOTED_INCLUDE_IN_FRAMEWORK_HEADER = YES;
				CLANG_WARN_RANGE_LOOP_ANALYSIS = YES;
				CLANG_WARN_STRICT_PROTOTYPES = YES;
				CLANG_WARN_SUSPICIOUS_MOVE = YES;
				CLANG_WARN_UNGUARDED_AVAILABILITY = YES_AGGRESSIVE;
				CLANG_WARN_UNREACHABLE_CODE = YES;
				CLANG_WARN__DUPLICATE_METHOD_MATCH = YES;
				COPY_PHASE_STRIP = NO;
				DEBUG_INFORMATION_FORMAT = dwarf;
				ENABLE_STRICT_OBJC_MSGSEND = YES;
				ENABLE_TESTABILITY = YES;
				GCC_C_LANGUAGE_STANDARD = gnu11;
				GCC_DYNAMIC_NO_PIC = NO;
				GCC_NO_COMMON_BLOCKS = YES;
				GCC_OPTIMIZATION_LEVEL = 0;
				GCC_PREPROCESSOR_DEFINITIONS = (
					"DEBUG=1",
					"$(inherited)",
				);
				GCC_WARN_64_TO_32_BIT_CONVERSION = YES;
				GCC_WARN_ABOUT_RETURN_TYPE = YES_ERROR;
				GCC_WARN_UNDECLARED_SELECTOR = YES;
				GCC_WARN_UNINITIALIZED_AUTOS = YES_AGGRESSIVE;
				GCC_WARN_UNUSED_FUNCTION = YES;
				GCC_WARN_UNUSED_VARIABLE = YES;
				IPHONEOS_DEPLOYMENT_TARGET = 14.5;
				MTL_ENABLE_DEBUG_INFO = INCLUDE_SOURCE;
				MTL_FAST_MATH = YES;
				ONLY_ACTIVE_ARCH = YES;
				SDKROOT = iphoneos;
				SWIFT_ACTIVE_COMPILATION_CONDITIONS = DEBUG;
				SWIFT_OPTIMIZATION_LEVEL = "-Onone";
			};
			name = Debug;
		};
		12295F5C26F838E000380E69 /* Release */ = {
			isa = XCBuildConfiguration;
			buildSettings = {
				ALWAYS_SEARCH_USER_PATHS = NO;
				CLANG_ANALYZER_NONNULL = YES;
				CLANG_ANALYZER_NUMBER_OBJECT_CONVERSION = YES_AGGRESSIVE;
				CLANG_CXX_LANGUAGE_STANDARD = "gnu++14";
				CLANG_CXX_LIBRARY = "libc++";
				CLANG_ENABLE_MODULES = YES;
				CLANG_ENABLE_OBJC_ARC = YES;
				CLANG_ENABLE_OBJC_WEAK = YES;
				CLANG_WARN_BLOCK_CAPTURE_AUTORELEASING = YES;
				CLANG_WARN_BOOL_CONVERSION = YES;
				CLANG_WARN_COMMA = YES;
				CLANG_WARN_CONSTANT_CONVERSION = YES;
				CLANG_WARN_DEPRECATED_OBJC_IMPLEMENTATIONS = YES;
				CLANG_WARN_DIRECT_OBJC_ISA_USAGE = YES_ERROR;
				CLANG_WARN_DOCUMENTATION_COMMENTS = YES;
				CLANG_WARN_EMPTY_BODY = YES;
				CLANG_WARN_ENUM_CONVERSION = YES;
				CLANG_WARN_INFINITE_RECURSION = YES;
				CLANG_WARN_INT_CONVERSION = YES;
				CLANG_WARN_NON_LITERAL_NULL_CONVERSION = YES;
				CLANG_WARN_OBJC_IMPLICIT_RETAIN_SELF = YES;
				CLANG_WARN_OBJC_LITERAL_CONVERSION = YES;
				CLANG_WARN_OBJC_ROOT_CLASS = YES_ERROR;
				CLANG_WARN_QUOTED_INCLUDE_IN_FRAMEWORK_HEADER = YES;
				CLANG_WARN_RANGE_LOOP_ANALYSIS = YES;
				CLANG_WARN_STRICT_PROTOTYPES = YES;
				CLANG_WARN_SUSPICIOUS_MOVE = YES;
				CLANG_WARN_UNGUARDED_AVAILABILITY = YES_AGGRESSIVE;
				CLANG_WARN_UNREACHABLE_CODE = YES;
				CLANG_WARN__DUPLICATE_METHOD_MATCH = YES;
				COPY_PHASE_STRIP = NO;
				DEBUG_INFORMATION_FORMAT = "dwarf-with-dsym";
				ENABLE_NS_ASSERTIONS = NO;
				ENABLE_STRICT_OBJC_MSGSEND = YES;
				GCC_C_LANGUAGE_STANDARD = gnu11;
				GCC_NO_COMMON_BLOCKS = YES;
				GCC_WARN_64_TO_32_BIT_CONVERSION = YES;
				GCC_WARN_ABOUT_RETURN_TYPE = YES_ERROR;
				GCC_WARN_UNDECLARED_SELECTOR = YES;
				GCC_WARN_UNINITIALIZED_AUTOS = YES_AGGRESSIVE;
				GCC_WARN_UNUSED_FUNCTION = YES;
				GCC_WARN_UNUSED_VARIABLE = YES;
				IPHONEOS_DEPLOYMENT_TARGET = 14.5;
				MTL_ENABLE_DEBUG_INFO = NO;
				MTL_FAST_MATH = YES;
				SDKROOT = iphoneos;
				SWIFT_COMPILATION_MODE = wholemodule;
				SWIFT_OPTIMIZATION_LEVEL = "-O";
				VALIDATE_PRODUCT = YES;
			};
			name = Release;
		};
		12295F5E26F838E000380E69 /* Debug */ = {
			isa = XCBuildConfiguration;
			buildSettings = {
				ASSETCATALOG_COMPILER_APPICON_NAME = AppIcon;
				ASSETCATALOG_COMPILER_GLOBAL_ACCENT_COLOR_NAME = AccentColor;
				CODE_SIGN_STYLE = Automatic;
				DEVELOPMENT_TEAM = 85MM2Z8U4S;
				INFOPLIST_FILE = CurrencyExchange/Info.plist;
				LD_RUNPATH_SEARCH_PATHS = (
					"$(inherited)",
					"@executable_path/Frameworks",
				);
				PRODUCT_BUNDLE_IDENTIFIER = codeSwiftly.CurrencyExchange;
				PRODUCT_NAME = "$(TARGET_NAME)";
				SWIFT_VERSION = 5.0;
				TARGETED_DEVICE_FAMILY = "1,2";
			};
			name = Debug;
		};
		12295F5F26F838E000380E69 /* Release */ = {
			isa = XCBuildConfiguration;
			buildSettings = {
				ASSETCATALOG_COMPILER_APPICON_NAME = AppIcon;
				ASSETCATALOG_COMPILER_GLOBAL_ACCENT_COLOR_NAME = AccentColor;
				CODE_SIGN_STYLE = Automatic;
				DEVELOPMENT_TEAM = 85MM2Z8U4S;
				INFOPLIST_FILE = CurrencyExchange/Info.plist;
				LD_RUNPATH_SEARCH_PATHS = (
					"$(inherited)",
					"@executable_path/Frameworks",
				);
				PRODUCT_BUNDLE_IDENTIFIER = codeSwiftly.CurrencyExchange;
				PRODUCT_NAME = "$(TARGET_NAME)";
				SWIFT_VERSION = 5.0;
				TARGETED_DEVICE_FAMILY = "1,2";
			};
			name = Release;
		};
/* End XCBuildConfiguration section */

/* Begin XCConfigurationList section */
		12295F4126F838DF00380E69 /* Build configuration list for PBXProject "CurrencyExchange" */ = {
			isa = XCConfigurationList;
			buildConfigurations = (
				12295F5B26F838E000380E69 /* Debug */,
				12295F5C26F838E000380E69 /* Release */,
			);
			defaultConfigurationIsVisible = 0;
			defaultConfigurationName = Release;
		};
		12295F5D26F838E000380E69 /* Build configuration list for PBXNativeTarget "CurrencyExchange" */ = {
			isa = XCConfigurationList;
			buildConfigurations = (
				12295F5E26F838E000380E69 /* Debug */,
				12295F5F26F838E000380E69 /* Release */,
			);
			defaultConfigurationIsVisible = 0;
			defaultConfigurationName = Release;
		};
/* End XCConfigurationList section */

/* Begin XCVersionGroup section */
		12295F5226F838DF00380E69 /* CurrencyExchange.xcdatamodeld */ = {
			isa = XCVersionGroup;
			children = (
				12295F5326F838DF00380E69 /* CurrencyExchange.xcdatamodel */,
			);
			currentVersion = 12295F5326F838DF00380E69 /* CurrencyExchange.xcdatamodel */;
			path = CurrencyExchange.xcdatamodeld;
			sourceTree = "<group>";
			versionGroupType = wrapper.xcdatamodel;
		};
/* End XCVersionGroup section */
	};
	rootObject = 12295F3E26F838DF00380E69 /* Project object */;
}
